
Microsoft Visual Studio Solution File, Format Version 12.00
# Visual Studio Version 17
VisualStudioVersion = 17.3.32611.2
MinimumVisualStudioVersion = 10.0.40219.1
Project("{FAE04EC0-301F-11D3-BF4B-00C04F79EFBC}") = "BanHang", "BanHang\BanHang.csproj", "{FEF06D9D-A652-47FC-841D-BE96E1776BEA}"
EndProject
Global
	GlobalSection(SolutionConfigurationPlatforms) = preSolution
		Debug|Any CPU = Debug|Any CPU
		Release|Any CPU = Release|Any CPU
	EndGlobalSection
	GlobalSection(ProjectConfigurationPlatforms) = postSolution
		{FEF06D9D-A652-47FC-841D-BE96E1776BEA}.Debug|Any CPU.ActiveCfg = Debug|Any CPU
		{FEF06D9D-A652-47FC-841D-BE96E1776BEA}.Debug|Any CPU.Build.0 = Debug|Any CPU
		{FEF06D9D-A652-47FC-841D-BE96E1776BEA}.Release|Any CPU.ActiveCfg = Release|Any CPU
		{FEF06D9D-A652-47FC-841D-BE96E1776BEA}.Release|Any CPU.Build.0 = Release|Any CPU
	EndGlobalSection
	GlobalSection(SolutionProperties) = preSolution
		HideSolutionNode = FALSE
	EndGlobalSection
	GlobalSection(ExtensibilityGlobals) = postSolution
		SolutionGuid = {797FE677-8A6B-43C5-B0C3-54F74FAA3F95}
	EndGlobalSection
EndGlobal
